
Microsoft Visual Studio Solution File, Format Version 12.00
# Visual Studio Version 16
VisualStudioVersion = 16.0.30717.126
MinimumVisualStudioVersion = 10.0.40219.1
Project("{FAE04EC0-301F-11D3-BF4B-00C04F79EFBC}") = "PL", "EcoBuy\PL.csproj", "{F560E63E-D60D-4655-80D6-DBFFF02F2994}"
EndProject
Project("{FAE04EC0-301F-11D3-BF4B-00C04F79EFBC}") = "BE", "BE\BE.csproj", "{E211BED0-0C2F-4DAE-A56C-BF2A3F29C79B}"
EndProject
Project("{FAE04EC0-301F-11D3-BF4B-00C04F79EFBC}") = "BL", "BL\BL.csproj", "{41ED6E17-351E-4D77-B435-3B6A7D7D6E29}"
EndProject
Project("{FAE04EC0-301F-11D3-BF4B-00C04F79EFBC}") = "DAL", "DAL\DAL.csproj", "{4B18BE53-0194-4503-9640-C98F293E2A8D}"
EndProject
Global
	GlobalSection(SolutionConfigurationPlatforms) = preSolution
		Debug|Any CPU = Debug|Any CPU
		Release|Any CPU = Release|Any CPU
	EndGlobalSection
	GlobalSection(ProjectConfigurationPlatforms) = postSolution
		{F560E63E-D60D-4655-80D6-DBFFF02F2994}.Debug|Any CPU.ActiveCfg = Debug|Any CPU
		{F560E63E-D60D-4655-80D6-DBFFF02F2994}.Debug|Any CPU.Build.0 = Debug|Any CPU
		{F560E63E-D60D-4655-80D6-DBFFF02F2994}.Release|Any CPU.ActiveCfg = Release|Any CPU
		{F560E63E-D60D-4655-80D6-DBFFF02F2994}.Release|Any CPU.Build.0 = Release|Any CPU
		{E211BED0-0C2F-4DAE-A56C-BF2A3F29C79B}.Debug|Any CPU.ActiveCfg = Debug|Any CPU
		{E211BED0-0C2F-4DAE-A56C-BF2A3F29C79B}.Debug|Any CPU.Build.0 = Debug|Any CPU
		{E211BED0-0C2F-4DAE-A56C-BF2A3F29C79B}.Release|Any CPU.ActiveCfg = Release|Any CPU
		{E211BED0-0C2F-4DAE-A56C-BF2A3F29C79B}.Release|Any CPU.Build.0 = Release|Any CPU
		{41ED6E17-351E-4D77-B435-3B6A7D7D6E29}.Debug|Any CPU.ActiveCfg = Debug|Any CPU
		{41ED6E17-351E-4D77-B435-3B6A7D7D6E29}.Debug|Any CPU.Build.0 = Debug|Any CPU
		{41ED6E17-351E-4D77-B435-3B6A7D7D6E29}.Release|Any CPU.ActiveCfg = Release|Any CPU
		{41ED6E17-351E-4D77-B435-3B6A7D7D6E29}.Release|Any CPU.Build.0 = Release|Any CPU
		{4B18BE53-0194-4503-9640-C98F293E2A8D}.Debug|Any CPU.ActiveCfg = Debug|Any CPU
		{4B18BE53-0194-4503-9640-C98F293E2A8D}.Debug|Any CPU.Build.0 = Debug|Any CPU
		{4B18BE53-0194-4503-9640-C98F293E2A8D}.Release|Any CPU.ActiveCfg = Release|Any CPU
		{4B18BE53-0194-4503-9640-C98F293E2A8D}.Release|Any CPU.Build.0 = Release|Any CPU
	EndGlobalSection
	GlobalSection(SolutionProperties) = preSolution
		HideSolutionNode = FALSE
	EndGlobalSection
	GlobalSection(ExtensibilityGlobals) = postSolution
		SolutionGuid = {B48515BD-2B6B-4978-B6F3-B0BA4B2208A3}
	EndGlobalSection
EndGlobal
